// !$*UTF8*$!
{
	archiveVersion = 1;
	classes = {
	};
	objectVersion = 50;
	objects = {

/* Begin PBXBuildFile section */
		D8A72BE3257FADCD00D8F796 /* AppDelegate.swift in Sources */ = {isa = PBXBuildFile; fileRef = D8A72BE2257FADCD00D8F796 /* AppDelegate.swift */; };
		D8A72BE5257FADCD00D8F796 /* SceneDelegate.swift in Sources */ = {isa = PBXBuildFile; fileRef = D8A72BE4257FADCD00D8F796 /* SceneDelegate.swift */; };
		D8A72BE7257FADCD00D8F796 /* ViewController.swift in Sources */ = {isa = PBXBuildFile; fileRef = D8A72BE6257FADCD00D8F796 /* ViewController.swift */; };
		D8A72BEA257FADCD00D8F796 /* Main.storyboard in Resources */ = {isa = PBXBuildFile; fileRef = D8A72BE8257FADCD00D8F796 /* Main.storyboard */; };
		D8A72BEC257FADCD00D8F796 /* Assets.xcassets in Resources */ = {isa = PBXBuildFile; fileRef = D8A72BEB257FADCD00D8F796 /* Assets.xcassets */; };
		D8A72BEF257FADCD00D8F796 /* LaunchScreen.storyboard in Resources */ = {isa = PBXBuildFile; fileRef = D8A72BED257FADCD00D8F796 /* LaunchScreen.storyboard */; };
		D8A72BFA257FADCD00D8F796 /* ZXYWebViewTests.swift in Sources */ = {isa = PBXBuildFile; fileRef = D8A72BF9257FADCD00D8F796 /* ZXYWebViewTests.swift */; };
		D8A72C05257FADCE00D8F796 /* ZXYWebViewUITests.swift in Sources */ = {isa = PBXBuildFile; fileRef = D8A72C04257FADCE00D8F796 /* ZXYWebViewUITests.swift */; };
/* End PBXBuildFile section */

/* Begin PBXContainerItemProxy section */
		D8A72BF6257FADCD00D8F796 /* PBXContainerItemProxy */ = {
			isa = PBXContainerItemProxy;
			containerPortal = D8A72BD7257FADCC00D8F796 /* Project object */;
			proxyType = 1;
			remoteGlobalIDString = D8A72BDE257FADCD00D8F796;
			remoteInfo = ZXYWebView;
		};
		D8A72C01257FADCE00D8F796 /* PBXContainerItemProxy */ = {
			isa = PBXContainerItemProxy;
			containerPortal = D8A72BD7257FADCC00D8F796 /* Project object */;
			proxyType = 1;
			remoteGlobalIDString = D8A72BDE257FADCD00D8F796;
			remoteInfo = ZXYWebView;
		};
/* End PBXContainerItemProxy section */

/* Begin PBXFileReference section */
		D8A72BDF257FADCD00D8F796 /* ZXYWebView.app */ = {isa = PBXFileReference; explicitFileType = wrapper.application; includeInIndex = 0; path = ZXYWebView.app; sourceTree = BUILT_PRODUCTS_DIR; };
		D8A72BE2257FADCD00D8F796 /* AppDelegate.swift */ = {isa = PBXFileReference; lastKnownFileType = sourcecode.swift; path = AppDelegate.swift; sourceTree = "<group>"; };
		D8A72BE4257FADCD00D8F796 /* SceneDelegate.swift */ = {isa = PBXFileReference; lastKnownFileType = sourcecode.swift; path = SceneDelegate.swift; sourceTree = "<group>"; };
		D8A72BE6257FADCD00D8F796 /* ViewController.swift */ = {isa = PBXFileReference; lastKnownFileType = sourcecode.swift; path = ViewController.swift; sourceTree = "<group>"; };
		D8A72BE9257FADCD00D8F796 /* Base */ = {isa = PBXFileReference; lastKnownFileType = file.storyboard; name = Base; path = Base.lproj/Main.storyboard; sourceTree = "<group>"; };
		D8A72BEB257FADCD00D8F796 /* Assets.xcassets */ = {isa = PBXFileReference; lastKnownFileType = folder.assetcatalog; path = Assets.xcassets; sourceTree = "<group>"; };
		D8A72BEE257FADCD00D8F796 /* Base */ = {isa = PBXFileReference; lastKnownFileType = file.storyboard; name = Base; path = Base.lproj/LaunchScreen.storyboard; sourceTree = "<group>"; };
		D8A72BF0257FADCD00D8F796 /* Info.plist */ = {isa = PBXFileReference; lastKnownFileType = text.plist.xml; path = Info.plist; sourceTree = "<group>"; };
		D8A72BF5257FADCD00D8F796 /* ZXYWebViewTests.xctest */ = {isa = PBXFileReference; explicitFileType = wrapper.cfbundle; includeInIndex = 0; path = ZXYWebViewTests.xctest; sourceTree = BUILT_PRODUCTS_DIR; };
		D8A72BF9257FADCD00D8F796 /* ZXYWebViewTests.swift */ = {isa = PBXFileReference; lastKnownFileType = sourcecode.swift; path = ZXYWebViewTests.swift; sourceTree = "<group>"; };
		D8A72BFB257FADCD00D8F796 /* Info.plist */ = {isa = PBXFileReference; lastKnownFileType = text.plist.xml; path = Info.plist; sourceTree = "<group>"; };
		D8A72C00257FADCE00D8F796 /* ZXYWebViewUITests.xctest */ = {isa = PBXFileReference; explicitFileType = wrapper.cfbundle; includeInIndex = 0; path = ZXYWebViewUITests.xctest; sourceTree = BUILT_PRODUCTS_DIR; };
		D8A72C04257FADCE00D8F796 /* ZXYWebViewUITests.swift */ = {isa = PBXFileReference; lastKnownFileType = sourcecode.swift; path = ZXYWebViewUITests.swift; sourceTree = "<group>"; };
		D8A72C06257FADCE00D8F796 /* Info.plist */ = {isa = PBXFileReference; lastKnownFileType = text.plist.xml; path = Info.plist; sourceTree = "<group>"; };
/* End PBXFileReference section */

/* Begin PBXFrameworksBuildPhase section */
		D8A72BDC257FADCD00D8F796 /* Frameworks */ = {
			isa = PBXFrameworksBuildPhase;
			buildActionMask = 2147483647;
			files = (
			);
			runOnlyForDeploymentPostprocessing = 0;
		};
		D8A72BF2257FADCD00D8F796 /* Frameworks */ = {
			isa = PBXFrameworksBuildPhase;
			buildActionMask = 2147483647;
			files = (
			);
			runOnlyForDeploymentPostprocessing = 0;
		};
		D8A72BFD257FADCE00D8F796 /* Frameworks */ = {
			isa = PBXFrameworksBuildPhase;
			buildActionMask = 2147483647;
			files = (
			);
			runOnlyForDeploymentPostprocessing = 0;
		};
/* End PBXFrameworksBuildPhase section */

/* Begin PBXGroup section */
		D8A72BD6257FADCC00D8F796 = {
			isa = PBXGroup;
			children = (
				D8A72BE1257FADCD00D8F796 /* ZXYWebView */,
				D8A72BF8257FADCD00D8F796 /* ZXYWebViewTests */,
				D8A72C03257FADCE00D8F796 /* ZXYWebViewUITests */,
				D8A72BE0257FADCD00D8F796 /* Products */,
			);
			sourceTree = "<group>";
		};
		D8A72BE0257FADCD00D8F796 /* Products */ = {
			isa = PBXGroup;
			children = (
				D8A72BDF257FADCD00D8F796 /* ZXYWebView.app */,
				D8A72BF5257FADCD00D8F796 /* ZXYWebViewTests.xctest */,
				D8A72C00257FADCE00D8F796 /* ZXYWebViewUITests.xctest */,
			);
			name = Products;
			sourceTree = "<group>";
		};
		D8A72BE1257FADCD00D8F796 /* ZXYWebView */ = {
			isa = PBXGroup;
			children = (
				D8A72BE2257FADCD00D8F796 /* AppDelegate.swift */,
				D8A72BE4257FADCD00D8F796 /* SceneDelegate.swift */,
				D8A72BE6257FADCD00D8F796 /* ViewController.swift */,
				D8A72BE8257FADCD00D8F796 /* Main.storyboard */,
				D8A72BEB257FADCD00D8F796 /* Assets.xcassets */,
				D8A72BED257FADCD00D8F796 /* LaunchScreen.storyboard */,
				D8A72BF0257FADCD00D8F796 /* Info.plist */,
			);
			path = ZXYWebView;
			sourceTree = "<group>";
		};
		D8A72BF8257FADCD00D8F796 /* ZXYWebViewTests */ = {
			isa = PBXGroup;
			children = (
				D8A72BF9257FADCD00D8F796 /* ZXYWebViewTests.swift */,
				D8A72BFB257FADCD00D8F796 /* Info.plist */,
			);
			path = ZXYWebViewTests;
			sourceTree = "<group>";
		};
		D8A72C03257FADCE00D8F796 /* ZXYWebViewUITests */ = {
			isa = PBXGroup;
			children = (
				D8A72C04257FADCE00D8F796 /* ZXYWebViewUITests.swift */,
				D8A72C06257FADCE00D8F796 /* Info.plist */,
			);
			path = ZXYWebViewUITests;
			sourceTree = "<group>";
		};
/* End PBXGroup section */

/* Begin PBXNativeTarget section */
		D8A72BDE257FADCD00D8F796 /* ZXYWebView */ = {
			isa = PBXNativeTarget;
			buildConfigurationList = D8A72C09257FADCE00D8F796 /* Build configuration list for PBXNativeTarget "ZXYWebView" */;
			buildPhases = (
				D8A72BDB257FADCD00D8F796 /* Sources */,
				D8A72BDC257FADCD00D8F796 /* Frameworks */,
				D8A72BDD257FADCD00D8F796 /* Resources */,
			);
			buildRules = (
			);
			dependencies = (
			);
			name = ZXYWebView;
			productName = ZXYWebView;
			productReference = D8A72BDF257FADCD00D8F796 /* ZXYWebView.app */;
			productType = "com.apple.product-type.application";
		};
		D8A72BF4257FADCD00D8F796 /* ZXYWebViewTests */ = {
			isa = PBXNativeTarget;
			buildConfigurationList = D8A72C0C257FADCE00D8F796 /* Build configuration list for PBXNativeTarget "ZXYWebViewTests" */;
			buildPhases = (
				D8A72BF1257FADCD00D8F796 /* Sources */,
				D8A72BF2257FADCD00D8F796 /* Frameworks */,
				D8A72BF3257FADCD00D8F796 /* Resources */,
			);
			buildRules = (
			);
			dependencies = (
				D8A72BF7257FADCD00D8F796 /* PBXTargetDependency */,
			);
			name = ZXYWebViewTests;
			productName = ZXYWebViewTests;
			productReference = D8A72BF5257FADCD00D8F796 /* ZXYWebViewTests.xctest */;
			productType = "com.apple.product-type.bundle.unit-test";
		};
		D8A72BFF257FADCE00D8F796 /* ZXYWebViewUITests */ = {
			isa = PBXNativeTarget;
			buildConfigurationList = D8A72C0F257FADCE00D8F796 /* Build configuration list for PBXNativeTarget "ZXYWebViewUITests" */;
			buildPhases = (
				D8A72BFC257FADCE00D8F796 /* Sources */,
				D8A72BFD257FADCE00D8F796 /* Frameworks */,
				D8A72BFE257FADCE00D8F796 /* Resources */,
			);
			buildRules = (
			);
			dependencies = (
				D8A72C02257FADCE00D8F796 /* PBXTargetDependency */,
			);
			name = ZXYWebViewUITests;
			productName = ZXYWebViewUITests;
			productReference = D8A72C00257FADCE00D8F796 /* ZXYWebViewUITests.xctest */;
			productType = "com.apple.product-type.bundle.ui-testing";
		};
/* End PBXNativeTarget section */

/* Begin PBXProject section */
		D8A72BD7257FADCC00D8F796 /* Project object */ = {
			isa = PBXProject;
			attributes = {
				LastSwiftUpdateCheck = 1220;
				LastUpgradeCheck = 1220;
				TargetAttributes = {
					D8A72BDE257FADCD00D8F796 = {
						CreatedOnToolsVersion = 12.2;
					};
					D8A72BF4257FADCD00D8F796 = {
						CreatedOnToolsVersion = 12.2;
						TestTargetID = D8A72BDE257FADCD00D8F796;
					};
					D8A72BFF257FADCE00D8F796 = {
						CreatedOnToolsVersion = 12.2;
						TestTargetID = D8A72BDE257FADCD00D8F796;
					};
				};
			};
			buildConfigurationList = D8A72BDA257FADCC00D8F796 /* Build configuration list for PBXProject "ZXYWebView" */;
			compatibilityVersion = "Xcode 9.3";
			developmentRegion = en;
			hasScannedForEncodings = 0;
			knownRegions = (
				en,
				Base,
			);
			mainGroup = D8A72BD6257FADCC00D8F796;
			productRefGroup = D8A72BE0257FADCD00D8F796 /* Products */;
			projectDirPath = "";
			projectRoot = "";
			targets = (
				D8A72BDE257FADCD00D8F796 /* ZXYWebView */,
				D8A72BF4257FADCD00D8F796 /* ZXYWebViewTests */,
				D8A72BFF257FADCE00D8F796 /* ZXYWebViewUITests */,
			);
		};
/* End PBXProject section */

/* Begin PBXResourcesBuildPhase section */
		D8A72BDD257FADCD00D8F796 /* Resources */ = {
			isa = PBXResourcesBuildPhase;
			buildActionMask = 2147483647;
			files = (
				D8A72BEF257FADCD00D8F796 /* LaunchScreen.storyboard in Resources */,
				D8A72BEC257FADCD00D8F796 /* Assets.xcassets in Resources */,
				D8A72BEA257FADCD00D8F796 /* Main.storyboard in Resources */,
			);
			runOnlyForDeploymentPostprocessing = 0;
		};
		D8A72BF3257FADCD00D8F796 /* Resources */ = {
			isa = PBXResourcesBuildPhase;
			buildActionMask = 2147483647;
			files = (
			);
			runOnlyForDeploymentPostprocessing = 0;
		};
		D8A72BFE257FADCE00D8F796 /* Resources */ = {
			isa = PBXResourcesBuildPhase;
			buildActionMask = 2147483647;
			files = (
			);
			runOnlyForDeploymentPostprocessing = 0;
		};
/* End PBXResourcesBuildPhase section */

/* Begin PBXSourcesBuildPhase section */
		D8A72BDB257FADCD00D8F796 /* Sources */ = {
			isa = PBXSourcesBuildPhase;
			buildActionMask = 2147483647;
			files = (
				D8A72BE7257FADCD00D8F796 /* ViewController.swift in Sources */,
				D8A72BE3257FADCD00D8F796 /* AppDelegate.swift in Sources */,
				D8A72BE5257FADCD00D8F796 /* SceneDelegate.swift in Sources */,
			);
			runOnlyForDeploymentPostprocessing = 0;
		};
		D8A72BF1257FADCD00D8F796 /* Sources */ = {
			isa = PBXSourcesBuildPhase;
			buildActionMask = 2147483647;
			files = (
				D8A72BFA257FADCD00D8F796 /* ZXYWebViewTests.swift in Sources */,
			);
			runOnlyForDeploymentPostprocessing = 0;
		};
		D8A72BFC257FADCE00D8F796 /* Sources */ = {
			isa = PBXSourcesBuildPhase;
			buildActionMask = 2147483647;
			files = (
				D8A72C05257FADCE00D8F796 /* ZXYWebViewUITests.swift in Sources */,
			);
			runOnlyForDeploymentPostprocessing = 0;
		};
/* End PBXSourcesBuildPhase section */

/* Begin PBXTargetDependency section */
		D8A72BF7257FADCD00D8F796 /* PBXTargetDependency */ = {
			isa = PBXTargetDependency;
			target = D8A72BDE257FADCD00D8F796 /* ZXYWebView */;
			targetProxy = D8A72BF6257FADCD00D8F796 /* PBXContainerItemProxy */;
		};
		D8A72C02257FADCE00D8F796 /* PBXTargetDependency */ = {
			isa = PBXTargetDependency;
			target = D8A72BDE257FADCD00D8F796 /* ZXYWebView */;
			targetProxy = D8A72C01257FADCE00D8F796 /* PBXContainerItemProxy */;
		};
/* End PBXTargetDependency section */

/* Begin PBXVariantGroup section */
		D8A72BE8257FADCD00D8F796 /* Main.storyboard */ = {
			isa = PBXVariantGroup;
			children = (
				D8A72BE9257FADCD00D8F796 /* Base */,
			);
			name = Main.storyboard;
			sourceTree = "<group>";
		};
		D8A72BED257FADCD00D8F796 /* LaunchScreen.storyboard */ = {
			isa = PBXVariantGroup;
			children = (
				D8A72BEE257FADCD00D8F796 /* Base */,
			);
			name = LaunchScreen.storyboard;
			sourceTree = "<group>";
		};
/* End PBXVariantGroup section */

/* Begin XCBuildConfiguration section */
		D8A72C07257FADCE00D8F796 /* Debug */ = {
			isa = XCBuildConfiguration;
			buildSettings = {
				ALWAYS_SEARCH_USER_PATHS = NO;
				CLANG_ANALYZER_NONNULL = YES;
				CLANG_ANALYZER_NUMBER_OBJECT_CONVERSION = YES_AGGRESSIVE;
				CLANG_CXX_LANGUAGE_STANDARD = "gnu++14";
				CLANG_CXX_LIBRARY = "libc++";
				CLANG_ENABLE_MODULES = YES;
				CLANG_ENABLE_OBJC_ARC = YES;
				CLANG_ENABLE_OBJC_WEAK = YES;
				CLANG_WARN_BLOCK_CAPTURE_AUTORELEASING = YES;
				CLANG_WARN_BOOL_CONVERSION = YES;
				CLANG_WARN_COMMA = YES;
				CLANG_WARN_CONSTANT_CONVERSION = YES;
				CLANG_WARN_DEPRECATED_OBJC_IMPLEMENTATIONS = YES;
				CLANG_WARN_DIRECT_OBJC_ISA_USAGE = YES_ERROR;
				CLANG_WARN_DOCUMENTATION_COMMENTS = YES;
				CLANG_WARN_EMPTY_BODY = YES;
				CLANG_WARN_ENUM_CONVERSION = YES;
				CLANG_WARN_INFINITE_RECURSION = YES;
				CLANG_WARN_INT_CONVERSION = YES;
				CLANG_WARN_NON_LITERAL_NULL_CONVERSION = YES;
				CLANG_WARN_OBJC_IMPLICIT_RETAIN_SELF = YES;
				CLANG_WARN_OBJC_LITERAL_CONVERSION = YES;
				CLANG_WARN_OBJC_ROOT_CLASS = YES_ERROR;
				CLANG_WARN_QUOTED_INCLUDE_IN_FRAMEWORK_HEADER = YES;
				CLANG_WARN_RANGE_LOOP_ANALYSIS = YES;
				CLANG_WARN_STRICT_PROTOTYPES = YES;
				CLANG_WARN_SUSPICIOUS_MOVE = YES;
				CLANG_WARN_UNGUARDED_AVAILABILITY = YES_AGGRESSIVE;
				CLANG_WARN_UNREACHABLE_CODE = YES;
				CLANG_WARN__DUPLICATE_METHOD_MATCH = YES;
				COPY_PHASE_STRIP = NO;
				DEBUG_INFORMATION_FORMAT = dwarf;
				ENABLE_STRICT_OBJC_MSGSEND = YES;
				ENABLE_TESTABILITY = YES;
				GCC_C_LANGUAGE_STANDARD = gnu11;
				GCC_DYNAMIC_NO_PIC = NO;
				GCC_NO_COMMON_BLOCKS = YES;
				GCC_OPTIMIZATION_LEVEL = 0;
				GCC_PREPROCESSOR_DEFINITIONS = (
					"DEBUG=1",
					"$(inherited)",
				);
				GCC_WARN_64_TO_32_BIT_CONVERSION = YES;
				GCC_WARN_ABOUT_RETURN_TYPE = YES_ERROR;
				GCC_WARN_UNDECLARED_SELECTOR = YES;
				GCC_WARN_UNINITIALIZED_AUTOS = YES_AGGRESSIVE;
				GCC_WARN_UNUSED_FUNCTION = YES;
				GCC_WARN_UNUSED_VARIABLE = YES;
				IPHONEOS_DEPLOYMENT_TARGET = 14.2;
				MTL_ENABLE_DEBUG_INFO = INCLUDE_SOURCE;
				MTL_FAST_MATH = YES;
				ONLY_ACTIVE_ARCH = YES;
				SDKROOT = iphoneos;
				SWIFT_ACTIVE_COMPILATION_CONDITIONS = DEBUG;
				SWIFT_OPTIMIZATION_LEVEL = "-Onone";
			};
			name = Debug;
		};
		D8A72C08257FADCE00D8F796 /* Release */ = {
			isa = XCBuildConfiguration;
			buildSettings = {
				ALWAYS_SEARCH_USER_PATHS = NO;
				CLANG_ANALYZER_NONNULL = YES;
				CLANG_ANALYZER_NUMBER_OBJECT_CONVERSION = YES_AGGRESSIVE;
				CLANG_CXX_LANGUAGE_STANDARD = "gnu++14";
				CLANG_CXX_LIBRARY = "libc++";
				CLANG_ENABLE_MODULES = YES;
				CLANG_ENABLE_OBJC_ARC = YES;
				CLANG_ENABLE_OBJC_WEAK = YES;
				CLANG_WARN_BLOCK_CAPTURE_AUTORELEASING = YES;
				CLANG_WARN_BOOL_CONVERSION = YES;
				CLANG_WARN_COMMA = YES;
				CLANG_WARN_CONSTANT_CONVERSION = YES;
				CLANG_WARN_DEPRECATED_OBJC_IMPLEMENTATIONS = YES;
				CLANG_WARN_DIRECT_OBJC_ISA_USAGE = YES_ERROR;
				CLANG_WARN_DOCUMENTATION_COMMENTS = YES;
				CLANG_WARN_EMPTY_BODY = YES;
				CLANG_WARN_ENUM_CONVERSION = YES;
				CLANG_WARN_INFINITE_RECURSION = YES;
				CLANG_WARN_INT_CONVERSION = YES;
				CLANG_WARN_NON_LITERAL_NULL_CONVERSION = YES;
				CLANG_WARN_OBJC_IMPLICIT_RETAIN_SELF = YES;
				CLANG_WARN_OBJC_LITERAL_CONVERSION = YES;
				CLANG_WARN_OBJC_ROOT_CLASS = YES_ERROR;
				CLANG_WARN_QUOTED_INCLUDE_IN_FRAMEWORK_HEADER = YES;
				CLANG_WARN_RANGE_LOOP_ANALYSIS = YES;
				CLANG_WARN_STRICT_PROTOTYPES = YES;
				CLANG_WARN_SUSPICIOUS_MOVE = YES;
				CLANG_WARN_UNGUARDED_AVAILABILITY = YES_AGGRESSIVE;
				CLANG_WARN_UNREACHABLE_CODE = YES;
				CLANG_WARN__DUPLICATE_METHOD_MATCH = YES;
				COPY_PHASE_STRIP = NO;
				DEBUG_INFORMATION_FORMAT = "dwarf-with-dsym";
				ENABLE_NS_ASSERTIONS = NO;
				ENABLE_STRICT_OBJC_MSGSEND = YES;
				GCC_C_LANGUAGE_STANDARD = gnu11;
				GCC_NO_COMMON_BLOCKS = YES;
				GCC_WARN_64_TO_32_BIT_CONVERSION = YES;
				GCC_WARN_ABOUT_RETURN_TYPE = YES_ERROR;
				GCC_WARN_UNDECLARED_SELECTOR = YES;
				GCC_WARN_UNINITIALIZED_AUTOS = YES_AGGRESSIVE;
				GCC_WARN_UNUSED_FUNCTION = YES;
				GCC_WARN_UNUSED_VARIABLE = YES;
				IPHONEOS_DEPLOYMENT_TARGET = 14.2;
				MTL_ENABLE_DEBUG_INFO = NO;
				MTL_FAST_MATH = YES;
				SDKROOT = iphoneos;
				SWIFT_COMPILATION_MODE = wholemodule;
				SWIFT_OPTIMIZATION_LEVEL = "-O";
				VALIDATE_PRODUCT = YES;
			};
			name = Release;
		};
		D8A72C0A257FADCE00D8F796 /* Debug */ = {
			isa = XCBuildConfiguration;
			buildSettings = {
				ASSETCATALOG_COMPILER_APPICON_NAME = AppIcon;
				ASSETCATALOG_COMPILER_GLOBAL_ACCENT_COLOR_NAME = AccentColor;
				CODE_SIGN_STYLE = Automatic;
				INFOPLIST_FILE = ZXYWebView/Info.plist;
				LD_RUNPATH_SEARCH_PATHS = (
					"$(inherited)",
					"@executable_path/Frameworks",
				);
				PRODUCT_BUNDLE_IDENTIFIER = zxy.ZXYWebView;
				PRODUCT_NAME = "$(TARGET_NAME)";
				SWIFT_VERSION = 5.0;
				TARGETED_DEVICE_FAMILY = "1,2";
			};
			name = Debug;
		};
		D8A72C0B257FADCE00D8F796 /* Release */ = {
			isa = XCBuildConfiguration;
			buildSettings = {
				ASSETCATALOG_COMPILER_APPICON_NAME = AppIcon;
				ASSETCATALOG_COMPILER_GLOBAL_ACCENT_COLOR_NAME = AccentColor;
				CODE_SIGN_STYLE = Automatic;
				INFOPLIST_FILE = ZXYWebView/Info.plist;
				LD_RUNPATH_SEARCH_PATHS = (
					"$(inherited)",
					"@executable_path/Frameworks",
				);
				PRODUCT_BUNDLE_IDENTIFIER = zxy.ZXYWebView;
				PRODUCT_NAME = "$(TARGET_NAME)";
				SWIFT_VERSION = 5.0;
				TARGETED_DEVICE_FAMILY = "1,2";
			};
			name = Release;
		};
		D8A72C0D257FADCE00D8F796 /* Debug */ = {
			isa = XCBuildConfiguration;
			buildSettings = {
				ALWAYS_EMBED_SWIFT_STANDARD_LIBRARIES = YES;
				BUNDLE_LOADER = "$(TEST_HOST)";
				CODE_SIGN_STYLE = Automatic;
				INFOPLIST_FILE = ZXYWebViewTests/Info.plist;
				IPHONEOS_DEPLOYMENT_TARGET = 14.2;
				LD_RUNPATH_SEARCH_PATHS = (
					"$(inherited)",
					"@executable_path/Frameworks",
					"@loader_path/Frameworks",
				);
				PRODUCT_BUNDLE_IDENTIFIER = zxy.ZXYWebViewTests;
				PRODUCT_NAME = "$(TARGET_NAME)";
				SWIFT_VERSION = 5.0;
				TARGETED_DEVICE_FAMILY = "1,2";
				TEST_HOST = "$(BUILT_PRODUCTS_DIR)/ZXYWebView.app/ZXYWebView";
			};
			name = Debug;
		};
		D8A72C0E257FADCE00D8F796 /* Release */ = {
			isa = XCBuildConfiguration;
			buildSettings = {
				ALWAYS_EMBED_SWIFT_STANDARD_LIBRARIES = YES;
				BUNDLE_LOADER = "$(TEST_HOST)";
				CODE_SIGN_STYLE = Automatic;
				INFOPLIST_FILE = ZXYWebViewTests/Info.plist;
				IPHONEOS_DEPLOYMENT_TARGET = 14.2;
				LD_RUNPATH_SEARCH_PATHS = (
					"$(inherited)",
					"@executable_path/Frameworks",
					"@loader_path/Frameworks",
				);
				PRODUCT_BUNDLE_IDENTIFIER = zxy.ZXYWebViewTests;
				PRODUCT_NAME = "$(TARGET_NAME)";
				SWIFT_VERSION = 5.0;
				TARGETED_DEVICE_FAMILY = "1,2";
				TEST_HOST = "$(BUILT_PRODUCTS_DIR)/ZXYWebView.app/ZXYWebView";
			};
			name = Release;
		};
		D8A72C10257FADCE00D8F796 /* Debug */ = {
			isa = XCBuildConfiguration;
			buildSettings = {
				ALWAYS_EMBED_SWIFT_STANDARD_LIBRARIES = YES;
				CODE_SIGN_STYLE = Automatic;
				INFOPLIST_FILE = ZXYWebViewUITests/Info.plist;
				LD_RUNPATH_SEARCH_PATHS = (
					"$(inherited)",
					"@executable_path/Frameworks",
					"@loader_path/Frameworks",
				);
				PRODUCT_BUNDLE_IDENTIFIER = zxy.ZXYWebViewUITests;
				PRODUCT_NAME = "$(TARGET_NAME)";
				SWIFT_VERSION = 5.0;
				TARGETED_DEVICE_FAMILY = "1,2";
				TEST_TARGET_NAME = ZXYWebView;
			};
			name = Debug;
		};
		D8A72C11257FADCE00D8F796 /* Release */ = {
			isa = XCBuildConfiguration;
			buildSettings = {
				ALWAYS_EMBED_SWIFT_STANDARD_LIBRARIES = YES;
				CODE_SIGN_STYLE = Automatic;
				INFOPLIST_FILE = ZXYWebViewUITests/Info.plist;
				LD_RUNPATH_SEARCH_PATHS = (
					"$(inherited)",
					"@executable_path/Frameworks",
					"@loader_path/Frameworks",
				);
				PRODUCT_BUNDLE_IDENTIFIER = zxy.ZXYWebViewUITests;
				PRODUCT_NAME = "$(TARGET_NAME)";
				SWIFT_VERSION = 5.0;
				TARGETED_DEVICE_FAMILY = "1,2";
				TEST_TARGET_NAME = ZXYWebView;
			};
			name = Release;
		};
/* End XCBuildConfiguration section */

/* Begin XCConfigurationList section */
		D8A72BDA257FADCC00D8F796 /* Build configuration list for PBXProject "ZXYWebView" */ = {
			isa = XCConfigurationList;
			buildConfigurations = (
				D8A72C07257FADCE00D8F796 /* Debug */,
				D8A72C08257FADCE00D8F796 /* Release */,
			);
			defaultConfigurationIsVisible = 0;
			defaultConfigurationName = Release;
		};
		D8A72C09257FADCE00D8F796 /* Build configuration list for PBXNativeTarget "ZXYWebView" */ = {
			isa = XCConfigurationList;
			buildConfigurations = (
				D8A72C0A257FADCE00D8F796 /* Debug */,
				D8A72C0B257FADCE00D8F796 /* Release */,
			);
			defaultConfigurationIsVisible = 0;
			defaultConfigurationName = Release;
		};
		D8A72C0C257FADCE00D8F796 /* Build configuration list for PBXNativeTarget "ZXYWebViewTests" */ = {
			isa = XCConfigurationList;
			buildConfigurations = (
				D8A72C0D257FADCE00D8F796 /* Debug */,
				D8A72C0E257FADCE00D8F796 /* Release */,
			);
			defaultConfigurationIsVisible = 0;
			defaultConfigurationName = Release;
		};
		D8A72C0F257FADCE00D8F796 /* Build configuration list for PBXNativeTarget "ZXYWebViewUITests" */ = {
			isa = XCConfigurationList;
			buildConfigurations = (
				D8A72C10257FADCE00D8F796 /* Debug */,
				D8A72C11257FADCE00D8F796 /* Release */,
			);
			defaultConfigurationIsVisible = 0;
			defaultConfigurationName = Release;
		};
/* End XCConfigurationList section */
	};
	rootObject = D8A72BD7257FADCC00D8F796 /* Project object */;
}
